
Microsoft Visual Studio Solution File, Format Version 12.00
# Visual Studio 14
VisualStudioVersion = 14.0.25420.1
MinimumVisualStudioVersion = 10.0.40219.1
Project("{FAE04EC0-301F-11D3-BF4B-00C04F79EFBC}") = "ALMACEN.web", "ALMACEN.web\ALMACEN.web.csproj", "{5A998DD9-7F26-4E55-8101-E48F64A91834}"
EndProject
Project("{FAE04EC0-301F-11D3-BF4B-00C04F79EFBC}") = "ALMACEN.WebAdmin", "ALMACEN.WebAdmin\ALMACEN.WebAdmin.csproj", "{7E4B6D34-3454-4702-AFFD-3121CCC3CBE6}"
EndProject
Project("{FAE04EC0-301F-11D3-BF4B-00C04F79EFBC}") = "ALMACEN.Win", "ALMACEN.Win\ALMACEN.Win.csproj", "{80FF88AF-7915-45A7-80B2-B09FFA035DA7}"
EndProject
Project("{FAE04EC0-301F-11D3-BF4B-00C04F79EFBC}") = "Almacen.BL", "Almacen.BL\Almacen.BL.csproj", "{F4AA2E8D-1602-4ACA-A326-CA8CC4EE74EB}"
EndProject
Global
	GlobalSection(SolutionConfigurationPlatforms) = preSolution
		Debug|Any CPU = Debug|Any CPU
		Release|Any CPU = Release|Any CPU
	EndGlobalSection
	GlobalSection(ProjectConfigurationPlatforms) = postSolution
		{5A998DD9-7F26-4E55-8101-E48F64A91834}.Debug|Any CPU.ActiveCfg = Debug|Any CPU
		{5A998DD9-7F26-4E55-8101-E48F64A91834}.Debug|Any CPU.Build.0 = Debug|Any CPU
		{5A998DD9-7F26-4E55-8101-E48F64A91834}.Release|Any CPU.ActiveCfg = Release|Any CPU
		{5A998DD9-7F26-4E55-8101-E48F64A91834}.Release|Any CPU.Build.0 = Release|Any CPU
		{7E4B6D34-3454-4702-AFFD-3121CCC3CBE6}.Debug|Any CPU.ActiveCfg = Debug|Any CPU
		{7E4B6D34-3454-4702-AFFD-3121CCC3CBE6}.Debug|Any CPU.Build.0 = Debug|Any CPU
		{7E4B6D34-3454-4702-AFFD-3121CCC3CBE6}.Release|Any CPU.ActiveCfg = Release|Any CPU
		{7E4B6D34-3454-4702-AFFD-3121CCC3CBE6}.Release|Any CPU.Build.0 = Release|Any CPU
		{80FF88AF-7915-45A7-80B2-B09FFA035DA7}.Debug|Any CPU.ActiveCfg = Debug|Any CPU
		{80FF88AF-7915-45A7-80B2-B09FFA035DA7}.Debug|Any CPU.Build.0 = Debug|Any CPU
		{80FF88AF-7915-45A7-80B2-B09FFA035DA7}.Release|Any CPU.ActiveCfg = Release|Any CPU
		{80FF88AF-7915-45A7-80B2-B09FFA035DA7}.Release|Any CPU.Build.0 = Release|Any CPU
		{F4AA2E8D-1602-4ACA-A326-CA8CC4EE74EB}.Debug|Any CPU.ActiveCfg = Debug|Any CPU
		{F4AA2E8D-1602-4ACA-A326-CA8CC4EE74EB}.Debug|Any CPU.Build.0 = Debug|Any CPU
		{F4AA2E8D-1602-4ACA-A326-CA8CC4EE74EB}.Release|Any CPU.ActiveCfg = Release|Any CPU
		{F4AA2E8D-1602-4ACA-A326-CA8CC4EE74EB}.Release|Any CPU.Build.0 = Release|Any CPU
	EndGlobalSection
	GlobalSection(SolutionProperties) = preSolution
		HideSolutionNode = FALSE
	EndGlobalSection
EndGlobal
